
Microsoft Visual Studio Solution File, Format Version 12.00
# Visual Studio 15
Project("{FAE04EC0-301F-11D3-BF4B-00C04F79EFBC}") = "pipeline-results-http-trigger", "pipeline-results-http-trigger\pipeline-results-http-trigger.csproj", "{81D58AC2-EC63-4BF4-BB70-D3B705C799DC}"
EndProject
Global
	GlobalSection(SolutionConfigurationPlatforms) = preSolution
		Debug|Any CPU = Debug|Any CPU
		Release|Any CPU = Release|Any CPU
	EndGlobalSection
	GlobalSection(ProjectConfigurationPlatforms) = postSolution
		{81D58AC2-EC63-4BF4-BB70-D3B705C799DC}.Debug|Any CPU.ActiveCfg = Debug|Any CPU
		{81D58AC2-EC63-4BF4-BB70-D3B705C799DC}.Debug|Any CPU.Build.0 = Debug|Any CPU
		{81D58AC2-EC63-4BF4-BB70-D3B705C799DC}.Release|Any CPU.ActiveCfg = Release|Any CPU
		{81D58AC2-EC63-4BF4-BB70-D3B705C799DC}.Release|Any CPU.Build.0 = Release|Any CPU
	EndGlobalSection
EndGlobal
